// !$*UTF8*$!
{
	archiveVersion = 1;
	classes = {
	};
	objectVersion = 46;
	objects = {

/* Begin PBXBuildFile section */
		10D714031EE12B91006799D5 /* AppDelegate.swift in Sources */ = {isa = PBXBuildFile; fileRef = 10D714021EE12B91006799D5 /* AppDelegate.swift */; };
		10D714051EE12B91006799D5 /* ViewController.swift in Sources */ = {isa = PBXBuildFile; fileRef = 10D714041EE12B91006799D5 /* ViewController.swift */; };
		10D714081EE12B91006799D5 /* Main.storyboard in Resources */ = {isa = PBXBuildFile; fileRef = 10D714061EE12B91006799D5 /* Main.storyboard */; };
		10D7140B1EE12B91006799D5 /* Cycle_Navi.xcdatamodeld in Sources */ = {isa = PBXBuildFile; fileRef = 10D714091EE12B91006799D5 /* Cycle_Navi.xcdatamodeld */; };
		10D7140D1EE12B91006799D5 /* Assets.xcassets in Resources */ = {isa = PBXBuildFile; fileRef = 10D7140C1EE12B91006799D5 /* Assets.xcassets */; };
		10D714101EE12B91006799D5 /* LaunchScreen.storyboard in Resources */ = {isa = PBXBuildFile; fileRef = 10D7140E1EE12B91006799D5 /* LaunchScreen.storyboard */; };
		10D7141B1EE12B91006799D5 /* Cycle_NaviTests.swift in Sources */ = {isa = PBXBuildFile; fileRef = 10D7141A1EE12B91006799D5 /* Cycle_NaviTests.swift */; };
		10D714261EE12B91006799D5 /* Cycle_NaviUITests.swift in Sources */ = {isa = PBXBuildFile; fileRef = 10D714251EE12B91006799D5 /* Cycle_NaviUITests.swift */; };
		10D714361EE27D60006799D5 /* SettingViewController.swift in Sources */ = {isa = PBXBuildFile; fileRef = 10D714351EE27D60006799D5 /* SettingViewController.swift */; };
		10D714381EE29DED006799D5 /* GearValue.swift in Sources */ = {isa = PBXBuildFile; fileRef = 10D714371EE29DED006799D5 /* GearValue.swift */; };
/* End PBXBuildFile section */

/* Begin PBXContainerItemProxy section */
		10D714171EE12B91006799D5 /* PBXContainerItemProxy */ = {
			isa = PBXContainerItemProxy;
			containerPortal = 10D713F71EE12B91006799D5 /* Project object */;
			proxyType = 1;
			remoteGlobalIDString = 10D713FE1EE12B91006799D5;
			remoteInfo = "Cycle Navi";
		};
		10D714221EE12B91006799D5 /* PBXContainerItemProxy */ = {
			isa = PBXContainerItemProxy;
			containerPortal = 10D713F71EE12B91006799D5 /* Project object */;
			proxyType = 1;
			remoteGlobalIDString = 10D713FE1EE12B91006799D5;
			remoteInfo = "Cycle Navi";
		};
/* End PBXContainerItemProxy section */

/* Begin PBXFileReference section */
		10D713FF1EE12B91006799D5 /* Cycle Navi.app */ = {isa = PBXFileReference; explicitFileType = wrapper.application; includeInIndex = 0; path = "Cycle Navi.app"; sourceTree = BUILT_PRODUCTS_DIR; };
		10D714021EE12B91006799D5 /* AppDelegate.swift */ = {isa = PBXFileReference; lastKnownFileType = sourcecode.swift; path = AppDelegate.swift; sourceTree = "<group>"; };
		10D714041EE12B91006799D5 /* ViewController.swift */ = {isa = PBXFileReference; lastKnownFileType = sourcecode.swift; path = ViewController.swift; sourceTree = "<group>"; };
		10D714071EE12B91006799D5 /* Base */ = {isa = PBXFileReference; lastKnownFileType = file.storyboard; name = Base; path = Base.lproj/Main.storyboard; sourceTree = "<group>"; };
		10D7140A1EE12B91006799D5 /* Cycle_Navi.xcdatamodel */ = {isa = PBXFileReference; lastKnownFileType = wrapper.xcdatamodel; path = Cycle_Navi.xcdatamodel; sourceTree = "<group>"; };
		10D7140C1EE12B91006799D5 /* Assets.xcassets */ = {isa = PBXFileReference; lastKnownFileType = folder.assetcatalog; path = Assets.xcassets; sourceTree = "<group>"; };
		10D7140F1EE12B91006799D5 /* Base */ = {isa = PBXFileReference; lastKnownFileType = file.storyboard; name = Base; path = Base.lproj/LaunchScreen.storyboard; sourceTree = "<group>"; };
		10D714111EE12B91006799D5 /* Info.plist */ = {isa = PBXFileReference; lastKnownFileType = text.plist.xml; path = Info.plist; sourceTree = "<group>"; };
		10D714161EE12B91006799D5 /* Cycle NaviTests.xctest */ = {isa = PBXFileReference; explicitFileType = wrapper.cfbundle; includeInIndex = 0; path = "Cycle NaviTests.xctest"; sourceTree = BUILT_PRODUCTS_DIR; };
		10D7141A1EE12B91006799D5 /* Cycle_NaviTests.swift */ = {isa = PBXFileReference; lastKnownFileType = sourcecode.swift; path = Cycle_NaviTests.swift; sourceTree = "<group>"; };
		10D7141C1EE12B91006799D5 /* Info.plist */ = {isa = PBXFileReference; lastKnownFileType = text.plist.xml; path = Info.plist; sourceTree = "<group>"; };
		10D714211EE12B91006799D5 /* Cycle NaviUITests.xctest */ = {isa = PBXFileReference; explicitFileType = wrapper.cfbundle; includeInIndex = 0; path = "Cycle NaviUITests.xctest"; sourceTree = BUILT_PRODUCTS_DIR; };
		10D714251EE12B91006799D5 /* Cycle_NaviUITests.swift */ = {isa = PBXFileReference; lastKnownFileType = sourcecode.swift; path = Cycle_NaviUITests.swift; sourceTree = "<group>"; };
		10D714271EE12B91006799D5 /* Info.plist */ = {isa = PBXFileReference; lastKnownFileType = text.plist.xml; path = Info.plist; sourceTree = "<group>"; };
		10D714351EE27D60006799D5 /* SettingViewController.swift */ = {isa = PBXFileReference; fileEncoding = 4; lastKnownFileType = sourcecode.swift; path = SettingViewController.swift; sourceTree = "<group>"; };
		10D714371EE29DED006799D5 /* GearValue.swift */ = {isa = PBXFileReference; fileEncoding = 4; lastKnownFileType = sourcecode.swift; path = GearValue.swift; sourceTree = "<group>"; };
/* End PBXFileReference section */

/* Begin PBXFrameworksBuildPhase section */
		10D713FC1EE12B91006799D5 /* Frameworks */ = {
			isa = PBXFrameworksBuildPhase;
			buildActionMask = 2147483647;
			files = (
			);
			runOnlyForDeploymentPostprocessing = 0;
		};
		10D714131EE12B91006799D5 /* Frameworks */ = {
			isa = PBXFrameworksBuildPhase;
			buildActionMask = 2147483647;
			files = (
			);
			runOnlyForDeploymentPostprocessing = 0;
		};
		10D7141E1EE12B91006799D5 /* Frameworks */ = {
			isa = PBXFrameworksBuildPhase;
			buildActionMask = 2147483647;
			files = (
			);
			runOnlyForDeploymentPostprocessing = 0;
		};
/* End PBXFrameworksBuildPhase section */

/* Begin PBXGroup section */
		10D713F61EE12B91006799D5 = {
			isa = PBXGroup;
			children = (
				10D714011EE12B91006799D5 /* Cycle Navi */,
				10D714191EE12B91006799D5 /* Cycle NaviTests */,
				10D714241EE12B91006799D5 /* Cycle NaviUITests */,
				10D714001EE12B91006799D5 /* Products */,
			);
			sourceTree = "<group>";
		};
		10D714001EE12B91006799D5 /* Products */ = {
			isa = PBXGroup;
			children = (
				10D713FF1EE12B91006799D5 /* Cycle Navi.app */,
				10D714161EE12B91006799D5 /* Cycle NaviTests.xctest */,
				10D714211EE12B91006799D5 /* Cycle NaviUITests.xctest */,
			);
			name = Products;
			sourceTree = "<group>";
		};
		10D714011EE12B91006799D5 /* Cycle Navi */ = {
			isa = PBXGroup;
			children = (
				10D714021EE12B91006799D5 /* AppDelegate.swift */,
				10D714041EE12B91006799D5 /* ViewController.swift */,
				10D714371EE29DED006799D5 /* GearValue.swift */,
				10D714351EE27D60006799D5 /* SettingViewController.swift */,
				10D714061EE12B91006799D5 /* Main.storyboard */,
				10D7140C1EE12B91006799D5 /* Assets.xcassets */,
				10D7140E1EE12B91006799D5 /* LaunchScreen.storyboard */,
				10D714111EE12B91006799D5 /* Info.plist */,
				10D714091EE12B91006799D5 /* Cycle_Navi.xcdatamodeld */,
			);
			path = "Cycle Navi";
			sourceTree = "<group>";
		};
		10D714191EE12B91006799D5 /* Cycle NaviTests */ = {
			isa = PBXGroup;
			children = (
				10D7141A1EE12B91006799D5 /* Cycle_NaviTests.swift */,
				10D7141C1EE12B91006799D5 /* Info.plist */,
			);
			path = "Cycle NaviTests";
			sourceTree = "<group>";
		};
		10D714241EE12B91006799D5 /* Cycle NaviUITests */ = {
			isa = PBXGroup;
			children = (
				10D714251EE12B91006799D5 /* Cycle_NaviUITests.swift */,
				10D714271EE12B91006799D5 /* Info.plist */,
			);
			path = "Cycle NaviUITests";
			sourceTree = "<group>";
		};
/* End PBXGroup section */

/* Begin PBXNativeTarget section */
		10D713FE1EE12B91006799D5 /* Cycle Navi */ = {
			isa = PBXNativeTarget;
			buildConfigurationList = 10D7142A1EE12B91006799D5 /* Build configuration list for PBXNativeTarget "Cycle Navi" */;
			buildPhases = (
				10D713FB1EE12B91006799D5 /* Sources */,
				10D713FC1EE12B91006799D5 /* Frameworks */,
				10D713FD1EE12B91006799D5 /* Resources */,
			);
			buildRules = (
			);
			dependencies = (
			);
			name = "Cycle Navi";
			productName = "Cycle Navi";
			productReference = 10D713FF1EE12B91006799D5 /* Cycle Navi.app */;
			productType = "com.apple.product-type.application";
		};
		10D714151EE12B91006799D5 /* Cycle NaviTests */ = {
			isa = PBXNativeTarget;
			buildConfigurationList = 10D7142D1EE12B91006799D5 /* Build configuration list for PBXNativeTarget "Cycle NaviTests" */;
			buildPhases = (
				10D714121EE12B91006799D5 /* Sources */,
				10D714131EE12B91006799D5 /* Frameworks */,
				10D714141EE12B91006799D5 /* Resources */,
			);
			buildRules = (
			);
			dependencies = (
				10D714181EE12B91006799D5 /* PBXTargetDependency */,
			);
			name = "Cycle NaviTests";
			productName = "Cycle NaviTests";
			productReference = 10D714161EE12B91006799D5 /* Cycle NaviTests.xctest */;
			productType = "com.apple.product-type.bundle.unit-test";
		};
		10D714201EE12B91006799D5 /* Cycle NaviUITests */ = {
			isa = PBXNativeTarget;
			buildConfigurationList = 10D714301EE12B91006799D5 /* Build configuration list for PBXNativeTarget "Cycle NaviUITests" */;
			buildPhases = (
				10D7141D1EE12B91006799D5 /* Sources */,
				10D7141E1EE12B91006799D5 /* Frameworks */,
				10D7141F1EE12B91006799D5 /* Resources */,
			);
			buildRules = (
			);
			dependencies = (
				10D714231EE12B91006799D5 /* PBXTargetDependency */,
			);
			name = "Cycle NaviUITests";
			productName = "Cycle NaviUITests";
			productReference = 10D714211EE12B91006799D5 /* Cycle NaviUITests.xctest */;
			productType = "com.apple.product-type.bundle.ui-testing";
		};
/* End PBXNativeTarget section */

/* Begin PBXProject section */
		10D713F71EE12B91006799D5 /* Project object */ = {
			isa = PBXProject;
			attributes = {
				LastSwiftUpdateCheck = 0830;
				LastUpgradeCheck = 0830;
				ORGANIZATIONNAME = "山本大煕";
				TargetAttributes = {
					10D713FE1EE12B91006799D5 = {
						CreatedOnToolsVersion = 8.3.2;
						DevelopmentTeam = X22RE9WH2T;
						ProvisioningStyle = Automatic;
					};
					10D714151EE12B91006799D5 = {
						CreatedOnToolsVersion = 8.3.2;
						DevelopmentTeam = X22RE9WH2T;
						ProvisioningStyle = Automatic;
						TestTargetID = 10D713FE1EE12B91006799D5;
					};
					10D714201EE12B91006799D5 = {
						CreatedOnToolsVersion = 8.3.2;
						DevelopmentTeam = X22RE9WH2T;
						ProvisioningStyle = Automatic;
						TestTargetID = 10D713FE1EE12B91006799D5;
					};
				};
			};
			buildConfigurationList = 10D713FA1EE12B91006799D5 /* Build configuration list for PBXProject "Cycle Navi" */;
			compatibilityVersion = "Xcode 3.2";
			developmentRegion = English;
			hasScannedForEncodings = 0;
			knownRegions = (
				en,
				Base,
			);
			mainGroup = 10D713F61EE12B91006799D5;
			productRefGroup = 10D714001EE12B91006799D5 /* Products */;
			projectDirPath = "";
			projectRoot = "";
			targets = (
				10D713FE1EE12B91006799D5 /* Cycle Navi */,
				10D714151EE12B91006799D5 /* Cycle NaviTests */,
				10D714201EE12B91006799D5 /* Cycle NaviUITests */,
			);
		};
/* End PBXProject section */

/* Begin PBXResourcesBuildPhase section */
		10D713FD1EE12B91006799D5 /* Resources */ = {
			isa = PBXResourcesBuildPhase;
			buildActionMask = 2147483647;
			files = (
				10D714101EE12B91006799D5 /* LaunchScreen.storyboard in Resources */,
				10D7140D1EE12B91006799D5 /* Assets.xcassets in Resources */,
				10D714081EE12B91006799D5 /* Main.storyboard in Resources */,
			);
			runOnlyForDeploymentPostprocessing = 0;
		};
		10D714141EE12B91006799D5 /* Resources */ = {
			isa = PBXResourcesBuildPhase;
			buildActionMask = 2147483647;
			files = (
			);
			runOnlyForDeploymentPostprocessing = 0;
		};
		10D7141F1EE12B91006799D5 /* Resources */ = {
			isa = PBXResourcesBuildPhase;
			buildActionMask = 2147483647;
			files = (
			);
			runOnlyForDeploymentPostprocessing = 0;
		};
/* End PBXResourcesBuildPhase section */

/* Begin PBXSourcesBuildPhase section */
		10D713FB1EE12B91006799D5 /* Sources */ = {
			isa = PBXSourcesBuildPhase;
			buildActionMask = 2147483647;
			files = (
				10D714051EE12B91006799D5 /* ViewController.swift in Sources */,
				10D7140B1EE12B91006799D5 /* Cycle_Navi.xcdatamodeld in Sources */,
				10D714031EE12B91006799D5 /* AppDelegate.swift in Sources */,
				10D714361EE27D60006799D5 /* SettingViewController.swift in Sources */,
				10D714381EE29DED006799D5 /* GearValue.swift in Sources */,
			);
			runOnlyForDeploymentPostprocessing = 0;
		};
		10D714121EE12B91006799D5 /* Sources */ = {
			isa = PBXSourcesBuildPhase;
			buildActionMask = 2147483647;
			files = (
				10D7141B1EE12B91006799D5 /* Cycle_NaviTests.swift in Sources */,
			);
			runOnlyForDeploymentPostprocessing = 0;
		};
		10D7141D1EE12B91006799D5 /* Sources */ = {
			isa = PBXSourcesBuildPhase;
			buildActionMask = 2147483647;
			files = (
				10D714261EE12B91006799D5 /* Cycle_NaviUITests.swift in Sources */,
			);
			runOnlyForDeploymentPostprocessing = 0;
		};
/* End PBXSourcesBuildPhase section */

/* Begin PBXTargetDependency section */
		10D714181EE12B91006799D5 /* PBXTargetDependency */ = {
			isa = PBXTargetDependency;
			target = 10D713FE1EE12B91006799D5 /* Cycle Navi */;
			targetProxy = 10D714171EE12B91006799D5 /* PBXContainerItemProxy */;
		};
		10D714231EE12B91006799D5 /* PBXTargetDependency */ = {
			isa = PBXTargetDependency;
			target = 10D713FE1EE12B91006799D5 /* Cycle Navi */;
			targetProxy = 10D714221EE12B91006799D5 /* PBXContainerItemProxy */;
		};
/* End PBXTargetDependency section */

/* Begin PBXVariantGroup section */
		10D714061EE12B91006799D5 /* Main.storyboard */ = {
			isa = PBXVariantGroup;
			children = (
				10D714071EE12B91006799D5 /* Base */,
			);
			name = Main.storyboard;
			sourceTree = "<group>";
		};
		10D7140E1EE12B91006799D5 /* LaunchScreen.storyboard */ = {
			isa = PBXVariantGroup;
			children = (
				10D7140F1EE12B91006799D5 /* Base */,
			);
			name = LaunchScreen.storyboard;
			sourceTree = "<group>";
		};
/* End PBXVariantGroup section */

/* Begin XCBuildConfiguration section */
		10D714281EE12B91006799D5 /* Debug */ = {
			isa = XCBuildConfiguration;
			buildSettings = {
				ALWAYS_SEARCH_USER_PATHS = NO;
				CLANG_ANALYZER_NONNULL = YES;
				CLANG_ANALYZER_NUMBER_OBJECT_CONVERSION = YES_AGGRESSIVE;
				CLANG_CXX_LANGUAGE_STANDARD = "gnu++0x";
				CLANG_CXX_LIBRARY = "libc++";
				CLANG_ENABLE_MODULES = YES;
				CLANG_ENABLE_OBJC_ARC = YES;
				CLANG_WARN_BOOL_CONVERSION = YES;
				CLANG_WARN_CONSTANT_CONVERSION = YES;
				CLANG_WARN_DIRECT_OBJC_ISA_USAGE = YES_ERROR;
				CLANG_WARN_DOCUMENTATION_COMMENTS = YES;
				CLANG_WARN_EMPTY_BODY = YES;
				CLANG_WARN_ENUM_CONVERSION = YES;
				CLANG_WARN_INFINITE_RECURSION = YES;
				CLANG_WARN_INT_CONVERSION = YES;
				CLANG_WARN_OBJC_ROOT_CLASS = YES_ERROR;
				CLANG_WARN_SUSPICIOUS_MOVE = YES;
				CLANG_WARN_UNREACHABLE_CODE = YES;
				CLANG_WARN__DUPLICATE_METHOD_MATCH = YES;
				"CODE_SIGN_IDENTITY[sdk=iphoneos*]" = "iPhone Developer";
				COPY_PHASE_STRIP = NO;
				DEBUG_INFORMATION_FORMAT = dwarf;
				ENABLE_STRICT_OBJC_MSGSEND = YES;
				ENABLE_TESTABILITY = YES;
				GCC_C_LANGUAGE_STANDARD = gnu99;
				GCC_DYNAMIC_NO_PIC = NO;
				GCC_NO_COMMON_BLOCKS = YES;
				GCC_OPTIMIZATION_LEVEL = 0;
				GCC_PREPROCESSOR_DEFINITIONS = (
					"DEBUG=1",
					"$(inherited)",
				);
				GCC_WARN_64_TO_32_BIT_CONVERSION = YES;
				GCC_WARN_ABOUT_RETURN_TYPE = YES_ERROR;
				GCC_WARN_UNDECLARED_SELECTOR = YES;
				GCC_WARN_UNINITIALIZED_AUTOS = YES_AGGRESSIVE;
				GCC_WARN_UNUSED_FUNCTION = YES;
				GCC_WARN_UNUSED_VARIABLE = YES;
				IPHONEOS_DEPLOYMENT_TARGET = 10.3;
				MTL_ENABLE_DEBUG_INFO = YES;
				ONLY_ACTIVE_ARCH = YES;
				SDKROOT = iphoneos;
				SWIFT_ACTIVE_COMPILATION_CONDITIONS = DEBUG;
				SWIFT_OPTIMIZATION_LEVEL = "-Onone";
			};
			name = Debug;
		};
		10D714291EE12B91006799D5 /* Release */ = {
			isa = XCBuildConfiguration;
			buildSettings = {
				ALWAYS_SEARCH_USER_PATHS = NO;
				CLANG_ANALYZER_NONNULL = YES;
				CLANG_ANALYZER_NUMBER_OBJECT_CONVERSION = YES_AGGRESSIVE;
				CLANG_CXX_LANGUAGE_STANDARD = "gnu++0x";
				CLANG_CXX_LIBRARY = "libc++";
				CLANG_ENABLE_MODULES = YES;
				CLANG_ENABLE_OBJC_ARC = YES;
				CLANG_WARN_BOOL_CONVERSION = YES;
				CLANG_WARN_CONSTANT_CONVERSION = YES;
				CLANG_WARN_DIRECT_OBJC_ISA_USAGE = YES_ERROR;
				CLANG_WARN_DOCUMENTATION_COMMENTS = YES;
				CLANG_WARN_EMPTY_BODY = YES;
				CLANG_WARN_ENUM_CONVERSION = YES;
				CLANG_WARN_INFINITE_RECURSION = YES;
				CLANG_WARN_INT_CONVERSION = YES;
				CLANG_WARN_OBJC_ROOT_CLASS = YES_ERROR;
				CLANG_WARN_SUSPICIOUS_MOVE = YES;
				CLANG_WARN_UNREACHABLE_CODE = YES;
				CLANG_WARN__DUPLICATE_METHOD_MATCH = YES;
				"CODE_SIGN_IDENTITY[sdk=iphoneos*]" = "iPhone Developer";
				COPY_PHASE_STRIP = NO;
				DEBUG_INFORMATION_FORMAT = "dwarf-with-dsym";
				ENABLE_NS_ASSERTIONS = NO;
				ENABLE_STRICT_OBJC_MSGSEND = YES;
				GCC_C_LANGUAGE_STANDARD = gnu99;
				GCC_NO_COMMON_BLOCKS = YES;
				GCC_WARN_64_TO_32_BIT_CONVERSION = YES;
				GCC_WARN_ABOUT_RETURN_TYPE = YES_ERROR;
				GCC_WARN_UNDECLARED_SELECTOR = YES;
				GCC_WARN_UNINITIALIZED_AUTOS = YES_AGGRESSIVE;
				GCC_WARN_UNUSED_FUNCTION = YES;
				GCC_WARN_UNUSED_VARIABLE = YES;
				IPHONEOS_DEPLOYMENT_TARGET = 10.3;
				MTL_ENABLE_DEBUG_INFO = NO;
				SDKROOT = iphoneos;
				SWIFT_OPTIMIZATION_LEVEL = "-Owholemodule";
				VALIDATE_PRODUCT = YES;
			};
			name = Release;
		};
		10D7142B1EE12B91006799D5 /* Debug */ = {
			isa = XCBuildConfiguration;
			buildSettings = {
				ASSETCATALOG_COMPILER_APPICON_NAME = AppIcon;
				DEVELOPMENT_TEAM = X22RE9WH2T;
				INFOPLIST_FILE = "Cycle Navi/Info.plist";
				IPHONEOS_DEPLOYMENT_TARGET = 10.0;
				LD_RUNPATH_SEARCH_PATHS = "$(inherited) @executable_path/Frameworks";
				PRODUCT_BUNDLE_IDENTIFIER = "com.daehi.Cycle-Navi";
				PRODUCT_NAME = "$(TARGET_NAME)";
				SWIFT_VERSION = 3.0;
				TARGETED_DEVICE_FAMILY = "1,2";
			};
			name = Debug;
		};
		10D7142C1EE12B91006799D5 /* Release */ = {
			isa = XCBuildConfiguration;
			buildSettings = {
				ASSETCATALOG_COMPILER_APPICON_NAME = AppIcon;
				DEVELOPMENT_TEAM = X22RE9WH2T;
				INFOPLIST_FILE = "Cycle Navi/Info.plist";
				IPHONEOS_DEPLOYMENT_TARGET = 10.0;
				LD_RUNPATH_SEARCH_PATHS = "$(inherited) @executable_path/Frameworks";
				PRODUCT_BUNDLE_IDENTIFIER = "com.daehi.Cycle-Navi";
				PRODUCT_NAME = "$(TARGET_NAME)";
				SWIFT_VERSION = 3.0;
				TARGETED_DEVICE_FAMILY = "1,2";
			};
			name = Release;
		};
		10D7142E1EE12B91006799D5 /* Debug */ = {
			isa = XCBuildConfiguration;
			buildSettings = {
				ALWAYS_EMBED_SWIFT_STANDARD_LIBRARIES = YES;
				BUNDLE_LOADER = "$(TEST_HOST)";
				DEVELOPMENT_TEAM = X22RE9WH2T;
				INFOPLIST_FILE = "Cycle NaviTests/Info.plist";
				LD_RUNPATH_SEARCH_PATHS = "$(inherited) @executable_path/Frameworks @loader_path/Frameworks";
				PRODUCT_BUNDLE_IDENTIFIER = "com.daehi.Cycle-NaviTests";
				PRODUCT_NAME = "$(TARGET_NAME)";
				SWIFT_VERSION = 3.0;
				TEST_HOST = "$(BUILT_PRODUCTS_DIR)/Cycle Navi.app/Cycle Navi";
			};
			name = Debug;
		};
		10D7142F1EE12B91006799D5 /* Release */ = {
			isa = XCBuildConfiguration;
			buildSettings = {
				ALWAYS_EMBED_SWIFT_STANDARD_LIBRARIES = YES;
				BUNDLE_LOADER = "$(TEST_HOST)";
				DEVELOPMENT_TEAM = X22RE9WH2T;
				INFOPLIST_FILE = "Cycle NaviTests/Info.plist";
				LD_RUNPATH_SEARCH_PATHS = "$(inherited) @executable_path/Frameworks @loader_path/Frameworks";
				PRODUCT_BUNDLE_IDENTIFIER = "com.daehi.Cycle-NaviTests";
				PRODUCT_NAME = "$(TARGET_NAME)";
				SWIFT_VERSION = 3.0;
				TEST_HOST = "$(BUILT_PRODUCTS_DIR)/Cycle Navi.app/Cycle Navi";
			};
			name = Release;
		};
		10D714311EE12B91006799D5 /* Debug */ = {
			isa = XCBuildConfiguration;
			buildSettings = {
				ALWAYS_EMBED_SWIFT_STANDARD_LIBRARIES = YES;
				DEVELOPMENT_TEAM = X22RE9WH2T;
				INFOPLIST_FILE = "Cycle NaviUITests/Info.plist";
				LD_RUNPATH_SEARCH_PATHS = "$(inherited) @executable_path/Frameworks @loader_path/Frameworks";
				PRODUCT_BUNDLE_IDENTIFIER = "com.daehi.Cycle-NaviUITests";
				PRODUCT_NAME = "$(TARGET_NAME)";
				SWIFT_VERSION = 3.0;
				TEST_TARGET_NAME = "Cycle Navi";
			};
			name = Debug;
		};
		10D714321EE12B91006799D5 /* Release */ = {
			isa = XCBuildConfiguration;
			buildSettings = {
				ALWAYS_EMBED_SWIFT_STANDARD_LIBRARIES = YES;
				DEVELOPMENT_TEAM = X22RE9WH2T;
				INFOPLIST_FILE = "Cycle NaviUITests/Info.plist";
				LD_RUNPATH_SEARCH_PATHS = "$(inherited) @executable_path/Frameworks @loader_path/Frameworks";
				PRODUCT_BUNDLE_IDENTIFIER = "com.daehi.Cycle-NaviUITests";
				PRODUCT_NAME = "$(TARGET_NAME)";
				SWIFT_VERSION = 3.0;
				TEST_TARGET_NAME = "Cycle Navi";
			};
			name = Release;
		};
/* End XCBuildConfiguration section */

/* Begin XCConfigurationList section */
		10D713FA1EE12B91006799D5 /* Build configuration list for PBXProject "Cycle Navi" */ = {
			isa = XCConfigurationList;
			buildConfigurations = (
				10D714281EE12B91006799D5 /* Debug */,
				10D714291EE12B91006799D5 /* Release */,
			);
			defaultConfigurationIsVisible = 0;
			defaultConfigurationName = Release;
		};
		10D7142A1EE12B91006799D5 /* Build configuration list for PBXNativeTarget "Cycle Navi" */ = {
			isa = XCConfigurationList;
			buildConfigurations = (
				10D7142B1EE12B91006799D5 /* Debug */,
				10D7142C1EE12B91006799D5 /* Release */,
			);
			defaultConfigurationIsVisible = 0;
			defaultConfigurationName = Release;
		};
		10D7142D1EE12B91006799D5 /* Build configuration list for PBXNativeTarget "Cycle NaviTests" */ = {
			isa = XCConfigurationList;
			buildConfigurations = (
				10D7142E1EE12B91006799D5 /* Debug */,
				10D7142F1EE12B91006799D5 /* Release */,
			);
			defaultConfigurationIsVisible = 0;
			defaultConfigurationName = Release;
		};
		10D714301EE12B91006799D5 /* Build configuration list for PBXNativeTarget "Cycle NaviUITests" */ = {
			isa = XCConfigurationList;
			buildConfigurations = (
				10D714311EE12B91006799D5 /* Debug */,
				10D714321EE12B91006799D5 /* Release */,
			);
			defaultConfigurationIsVisible = 0;
			defaultConfigurationName = Release;
		};
/* End XCConfigurationList section */

/* Begin XCVersionGroup section */
		10D714091EE12B91006799D5 /* Cycle_Navi.xcdatamodeld */ = {
			isa = XCVersionGroup;
			children = (
				10D7140A1EE12B91006799D5 /* Cycle_Navi.xcdatamodel */,
			);
			currentVersion = 10D7140A1EE12B91006799D5 /* Cycle_Navi.xcdatamodel */;
			path = Cycle_Navi.xcdatamodeld;
			sourceTree = "<group>";
			versionGroupType = wrapper.xcdatamodel;
		};
/* End XCVersionGroup section */
	};
	rootObject = 10D713F71EE12B91006799D5 /* Project object */;
}
